
Microsoft Visual Studio Solution File, Format Version 12.00
# Visual Studio Version 16
VisualStudioVersion = 16.0.31025.194
MinimumVisualStudioVersion = 10.0.40219.1
Project("{FAE04EC0-301F-11D3-BF4B-00C04F79EFBC}") = "ProjectManagment", "ProjectManagment\ProjectManagment.csproj", "{9BC1E9B4-AB5F-45DA-A9B0-63C42772416E}"
EndProject
Global
	GlobalSection(SolutionConfigurationPlatforms) = preSolution
		Debug|Any CPU = Debug|Any CPU
		Release|Any CPU = Release|Any CPU
	EndGlobalSection
	GlobalSection(ProjectConfigurationPlatforms) = postSolution
		{9BC1E9B4-AB5F-45DA-A9B0-63C42772416E}.Debug|Any CPU.ActiveCfg = Debug|Any CPU
		{9BC1E9B4-AB5F-45DA-A9B0-63C42772416E}.Debug|Any CPU.Build.0 = Debug|Any CPU
		{9BC1E9B4-AB5F-45DA-A9B0-63C42772416E}.Release|Any CPU.ActiveCfg = Release|Any CPU
		{9BC1E9B4-AB5F-45DA-A9B0-63C42772416E}.Release|Any CPU.Build.0 = Release|Any CPU
	EndGlobalSection
	GlobalSection(SolutionProperties) = preSolution
		HideSolutionNode = FALSE
	EndGlobalSection
	GlobalSection(ExtensibilityGlobals) = postSolution
		SolutionGuid = {2165C590-117A-4B66-B99B-1D1391944E4E}
	EndGlobalSection
EndGlobal
